{
  "lockfileVersion": 1,
  "workspaces": {
    "": {
      "dependencies": {
        "@faker-js/faker": "^10.0.0",
        "chalk": "^5.6.2",
        "typebox": "^1.0.7",
        "valibot": "^1.1.0",
        "zod": "^4.1.8",
      },
    },
  },
  "packages": {
    "@faker-js/faker": ["@faker-js/faker@10.0.0", "", {}, "sha512-UollFEUkVXutsaP+Vndjxar40Gs5JL2HeLcl8xO1QAjJgOdhc3OmBFWyEylS+RddWaaBiAzH+5/17PLQJwDiLw=="],

    "chalk": ["chalk@5.6.2", "", {}, "sha512-7NzBL0rN6fMUW+f7A6Io4h40qQlG+xGmtMxfbnH/K7TAtt8JQWVQK+6g0UXKMeVJoyV5EkkNsErQ8pVD3bLHbA=="],

    "typebox": ["typebox@1.0.7", "", {}, "sha512-25YRpYAzWPLaY1C05W6XUHLAWosfg7NBpYf37yvhbGMZ8pyulce5DviT6fTU+1HlG9lGII/W+MZYveBI9udRog=="],

    "valibot": ["valibot@1.1.0", "", { "peerDependencies": { "typescript": ">=5" }, "optionalPeers": ["typescript"] }, "sha512-Nk8lX30Qhu+9txPYTwM0cFlWLdPFsFr6LblzqIySfbZph9+BFsAHsNvHOymEviUepeIW6KFHzpX8TKhbptBXXw=="],

    "zod": ["zod@4.1.8", "", {}, "sha512-5R1P+WwQqmmMIEACyzSvo4JXHY5WiAFHRMg+zBZKgKS+Q1viRa0C1hmUKtHltoIFKtIdki3pRxkmpP74jnNYHQ=="],
  }
}
