{
  "lockfileVersion": 1,
  "workspaces": {
    "": {
      "dependencies": {
        "@faker-js/faker": "^10.0.0",
        "arktype": "^2.1.22",
        "chalk": "^5.6.2",
        "mitata": "^1.0.34",
        "typebox": "^1.0.7",
        "valibot": "^1.1.0",
        "zod": "^4.1.8",
      },
    },
  },
  "packages": {
    "@ark/schema": ["@ark/schema@0.49.0", "", { "dependencies": { "@ark/util": "0.49.0" } }, "sha512-GphZBLpW72iS0v4YkeUtV3YIno35Gimd7+ezbPO9GwEi9kzdUrPVjvf6aXSBAfHikaFc/9pqZOpv3pOXnC71tw=="],

    "@ark/util": ["@ark/util@0.49.0", "", {}, "sha512-/BtnX7oCjNkxi2vi6y1399b+9xd1jnCrDYhZ61f0a+3X8x8DxlK52VgEEzyuC2UQMPACIfYrmHkhD3lGt2GaMA=="],

    "@faker-js/faker": ["@faker-js/faker@10.0.0", "", {}, "sha512-UollFEUkVXutsaP+Vndjxar40Gs5JL2HeLcl8xO1QAjJgOdhc3OmBFWyEylS+RddWaaBiAzH+5/17PLQJwDiLw=="],

    "arktype": ["arktype@2.1.22", "", { "dependencies": { "@ark/schema": "0.49.0", "@ark/util": "0.49.0" } }, "sha512-xdzl6WcAhrdahvRRnXaNwsipCgHuNoLobRqhiP8RjnfL9Gp947abGlo68GAIyLtxbD+MLzNyH2YR4kEqioMmYQ=="],

    "chalk": ["chalk@5.6.2", "", {}, "sha512-7NzBL0rN6fMUW+f7A6Io4h40qQlG+xGmtMxfbnH/K7TAtt8JQWVQK+6g0UXKMeVJoyV5EkkNsErQ8pVD3bLHbA=="],

    "mitata": ["mitata@1.0.34", "", {}, "sha512-Mc3zrtNBKIMeHSCQ0XqRLo1vbdIx1wvFV9c8NJAiyho6AjNfMY8bVhbS12bwciUdd1t4rj8099CH3N3NFahaUA=="],

    "typebox": ["typebox@1.0.7", "", {}, "sha512-25YRpYAzWPLaY1C05W6XUHLAWosfg7NBpYf37yvhbGMZ8pyulce5DviT6fTU+1HlG9lGII/W+MZYveBI9udRog=="],

    "valibot": ["valibot@1.1.0", "", { "peerDependencies": { "typescript": ">=5" }, "optionalPeers": ["typescript"] }, "sha512-Nk8lX30Qhu+9txPYTwM0cFlWLdPFsFr6LblzqIySfbZph9+BFsAHsNvHOymEviUepeIW6KFHzpX8TKhbptBXXw=="],

    "zod": ["zod@4.1.8", "", {}, "sha512-5R1P+WwQqmmMIEACyzSvo4JXHY5WiAFHRMg+zBZKgKS+Q1viRa0C1hmUKtHltoIFKtIdki3pRxkmpP74jnNYHQ=="],
  }
}
